
Microsoft Visual Studio Solution File, Format Version 12.00
# Visual Studio Version 16
VisualStudioVersion = 16.0.31829.152
MinimumVisualStudioVersion = 10.0.40219.1
Project("{FAE04EC0-301F-11D3-BF4B-00C04F79EFBC}") = "Web", "Web\Web.csproj", "{85F1A1B2-9B90-4208-9F88-B0AF6BE5AEEA}"
EndProject
Project("{FAE04EC0-301F-11D3-BF4B-00C04F79EFBC}") = "PlayGroundModel", "PlayGroundModel\PlayGroundModel.csproj", "{66954F35-4D9A-48F4-8D60-EB396ED504DB}"
EndProject
Global
	GlobalSection(SolutionConfigurationPlatforms) = preSolution
		Debug|Any CPU = Debug|Any CPU
		Release|Any CPU = Release|Any CPU
	EndGlobalSection
	GlobalSection(ProjectConfigurationPlatforms) = postSolution
		{85F1A1B2-9B90-4208-9F88-B0AF6BE5AEEA}.Debug|Any CPU.ActiveCfg = Debug|Any CPU
		{85F1A1B2-9B90-4208-9F88-B0AF6BE5AEEA}.Debug|Any CPU.Build.0 = Debug|Any CPU
		{85F1A1B2-9B90-4208-9F88-B0AF6BE5AEEA}.Release|Any CPU.ActiveCfg = Release|Any CPU
		{85F1A1B2-9B90-4208-9F88-B0AF6BE5AEEA}.Release|Any CPU.Build.0 = Release|Any CPU
		{66954F35-4D9A-48F4-8D60-EB396ED504DB}.Debug|Any CPU.ActiveCfg = Debug|Any CPU
		{66954F35-4D9A-48F4-8D60-EB396ED504DB}.Debug|Any CPU.Build.0 = Debug|Any CPU
		{66954F35-4D9A-48F4-8D60-EB396ED504DB}.Release|Any CPU.ActiveCfg = Release|Any CPU
		{66954F35-4D9A-48F4-8D60-EB396ED504DB}.Release|Any CPU.Build.0 = Release|Any CPU
	EndGlobalSection
	GlobalSection(SolutionProperties) = preSolution
		HideSolutionNode = FALSE
	EndGlobalSection
	GlobalSection(ExtensibilityGlobals) = postSolution
		SolutionGuid = {02BDA94E-73DE-4568-92D1-1A204ECA3BF0}
	EndGlobalSection
EndGlobal
